
Microsoft Visual Studio Solution File, Format Version 12.00
# Visual Studio Version 17
VisualStudioVersion = 17.1.32210.238
MinimumVisualStudioVersion = 10.0.40219.1
Project("{FAE04EC0-301F-11D3-BF4B-00C04F79EFBC}") = "homework", "homework\homework.csproj", "{FAE606FA-1F5C-428F-B3F3-A239486AA0BA}"
EndProject
Global
	GlobalSection(SolutionConfigurationPlatforms) = preSolution
		Debug|Any CPU = Debug|Any CPU
		Release|Any CPU = Release|Any CPU
	EndGlobalSection
	GlobalSection(ProjectConfigurationPlatforms) = postSolution
		{FAE606FA-1F5C-428F-B3F3-A239486AA0BA}.Debug|Any CPU.ActiveCfg = Debug|Any CPU
		{FAE606FA-1F5C-428F-B3F3-A239486AA0BA}.Debug|Any CPU.Build.0 = Debug|Any CPU
		{FAE606FA-1F5C-428F-B3F3-A239486AA0BA}.Release|Any CPU.ActiveCfg = Release|Any CPU
		{FAE606FA-1F5C-428F-B3F3-A239486AA0BA}.Release|Any CPU.Build.0 = Release|Any CPU
	EndGlobalSection
	GlobalSection(SolutionProperties) = preSolution
		HideSolutionNode = FALSE
	EndGlobalSection
	GlobalSection(ExtensibilityGlobals) = postSolution
		SolutionGuid = {38394446-EEA5-4F29-9AB0-8DE69A85C1C4}
	EndGlobalSection
EndGlobal
